
Microsoft Visual Studio Solution File, Format Version 12.00
# Visual Studio Version 17
VisualStudioVersion = 17.9.34902.65
MinimumVisualStudioVersion = 10.0.40219.1
Project("{FAE04EC0-301F-11D3-BF4B-00C04F79EFBC}") = "Aplikacja 2", "Aplikacja 2\Aplikacja 2.csproj", "{9B7AF78E-A754-455D-A352-CCAA6179B4BB}"
EndProject
Global
	GlobalSection(SolutionConfigurationPlatforms) = preSolution
		Debug|Any CPU = Debug|Any CPU
		Release|Any CPU = Release|Any CPU
	EndGlobalSection
	GlobalSection(ProjectConfigurationPlatforms) = postSolution
		{9B7AF78E-A754-455D-A352-CCAA6179B4BB}.Debug|Any CPU.ActiveCfg = Debug|Any CPU
		{9B7AF78E-A754-455D-A352-CCAA6179B4BB}.Debug|Any CPU.Build.0 = Debug|Any CPU
		{9B7AF78E-A754-455D-A352-CCAA6179B4BB}.Debug|Any CPU.Deploy.0 = Debug|Any CPU
		{9B7AF78E-A754-455D-A352-CCAA6179B4BB}.Release|Any CPU.ActiveCfg = Release|Any CPU
		{9B7AF78E-A754-455D-A352-CCAA6179B4BB}.Release|Any CPU.Build.0 = Release|Any CPU
		{9B7AF78E-A754-455D-A352-CCAA6179B4BB}.Release|Any CPU.Deploy.0 = Release|Any CPU
	EndGlobalSection
	GlobalSection(SolutionProperties) = preSolution
		HideSolutionNode = FALSE
	EndGlobalSection
	GlobalSection(ExtensibilityGlobals) = postSolution
		SolutionGuid = {A55FFD25-0F96-4846-BE55-66E12E9DA1BF}
	EndGlobalSection
EndGlobal
